
Microsoft Visual Studio Solution File, Format Version 12.00
# Visual Studio Version 16
VisualStudioVersion = 16.0.31729.503
MinimumVisualStudioVersion = 10.0.40219.1
Project("{9A19103F-16F7-4668-BE54-9A1E7A4F7556}") = "GuruOps.ES.LinqToDsl.Models", "GuruOps.ES.LinqToDsl.Models\GuruOps.ES.LinqToDsl.Models.csproj", "{0148F441-0DBF-48B2-AC2F-403A770026C4}"
EndProject
Global
	GlobalSection(SolutionConfigurationPlatforms) = preSolution
		Debug|Any CPU = Debug|Any CPU
		Release|Any CPU = Release|Any CPU
	EndGlobalSection
	GlobalSection(ProjectConfigurationPlatforms) = postSolution
		{0148F441-0DBF-48B2-AC2F-403A770026C4}.Debug|Any CPU.ActiveCfg = Debug|Any CPU
		{0148F441-0DBF-48B2-AC2F-403A770026C4}.Debug|Any CPU.Build.0 = Debug|Any CPU
		{0148F441-0DBF-48B2-AC2F-403A770026C4}.Release|Any CPU.ActiveCfg = Release|Any CPU
		{0148F441-0DBF-48B2-AC2F-403A770026C4}.Release|Any CPU.Build.0 = Release|Any CPU
	EndGlobalSection
	GlobalSection(SolutionProperties) = preSolution
		HideSolutionNode = FALSE
	EndGlobalSection
	GlobalSection(ExtensibilityGlobals) = postSolution
		SolutionGuid = {9DE621C6-1DCC-4334-8EA3-38B02C02A0F4}
	EndGlobalSection
EndGlobal
